
Microsoft Visual Studio Solution File, Format Version 12.00
# Visual Studio Version 16
VisualStudioVersion = 16.0.30503.244
MinimumVisualStudioVersion = 10.0.40219.1
Project("{FAE04EC0-301F-11D3-BF4B-00C04F79EFBC}") = "AdventOfCode", "AdventOfCode.csproj", "{6B79CE52-7AFC-46E9-B97F-21C4654DD28B}"
EndProject
Global
	GlobalSection(SolutionConfigurationPlatforms) = preSolution
		Debug|Any CPU = Debug|Any CPU
		Release|Any CPU = Release|Any CPU
	EndGlobalSection
	GlobalSection(ProjectConfigurationPlatforms) = postSolution
		{6B79CE52-7AFC-46E9-B97F-21C4654DD28B}.Debug|Any CPU.ActiveCfg = Debug|Any CPU
		{6B79CE52-7AFC-46E9-B97F-21C4654DD28B}.Debug|Any CPU.Build.0 = Debug|Any CPU
		{6B79CE52-7AFC-46E9-B97F-21C4654DD28B}.Release|Any CPU.ActiveCfg = Release|Any CPU
		{6B79CE52-7AFC-46E9-B97F-21C4654DD28B}.Release|Any CPU.Build.0 = Release|Any CPU
	EndGlobalSection
	GlobalSection(SolutionProperties) = preSolution
		HideSolutionNode = FALSE
	EndGlobalSection
	GlobalSection(ExtensibilityGlobals) = postSolution
		SolutionGuid = {6DB440B3-0906-4DCF-8FC2-D81D6BB85244}
	EndGlobalSection
EndGlobal
